{
  "name": "canvas-notion-api",
  "version": "0.1.0",
  "lockfileVersion": 3,
  "requires": true,
  "packages": {
    "": {
      "name": "canvas-notion-api",
      "version": "0.1.0",
      "license": "MIT",
      "dependencies": {
        "@notionhq/client": "^5.16.0",
        "dotenv": "^16.4.7"
      },
      "bin": {
        "canvas-notion": "bin/canvas-notion.js"
      },
      "engines": {
        "node": ">=20"
      }
    },
    "node_modules/@notionhq/client": {
      "version": "5.16.0",
      "resolved": "https://registry.npmjs.org/@notionhq/client/-/client-5.16.0.tgz",
      "integrity": "sha512-0mxHJNQBLbcG2Y4+oM+XNySr/3zKtK7FKjWhrUo8TB3WCdwtUMhvuooNmEjOo8NLL9qmKm7cCR4GtEsuTD+SNg==",
      "license": "MIT",
      "engines": {
        "node": ">=18"
      }
    },
    "node_modules/dotenv": {
      "version": "16.5.0",
      "resolved": "https://registry.npmjs.org/dotenv/-/dotenv-16.5.0.tgz",
      "integrity": "sha512-m/C+AwOAr9/W1UOIZUo232ejMNnJAJtYQjUbHoNTBNTJSvqzzDh7vnrei3o3r3m9blf6ZoDkvcw0VmozNRFJxg==",
      "license": "BSD-2-Clause",
      "engines": {
        "node": ">=12"
      },
      "funding": {
        "url": "https://dotenvx.com"
      }
    }
  }
}
